<Solution>
  <Project Path="StreetSamurai.Blazor/StreetSamurai.Blazor.csproj" />
  <Project Path="StreetSamurai.Core/StreetSamurai.Core.csproj" />
  <Project Path="StreetSamurai.MAUI/StreetSamurai.MAUI.csproj" />
  <Project Path="StreetSamurai.Shared/StreetSamurai.Shared.csproj" />
</Solution>
